
Microsoft Visual Studio Solution File, Format Version 12.00
# Visual Studio Version 17
VisualStudioVersion = 17.10.34928.147
MinimumVisualStudioVersion = 10.0.40219.1
Project("{FAE04EC0-301F-11D3-BF4B-00C04F79EFBC}") = "Piramide", "Piramide\Piramide.csproj", "{38557A73-4D44-4AC6-8222-66E5B2F09F3E}"
EndProject
Project("{2150E333-8FDC-42A3-9474-1A3956D46DE8}") = "Itens de Solução", "Itens de Solução", "{8C9AC31E-1176-43B9-8CB8-586F72197E2C}"
	ProjectSection(SolutionItems) = preProject
		.gitignore = .gitignore
	EndProjectSection
EndProject
Project("{FAE04EC0-301F-11D3-BF4B-00C04F79EFBC}") = "Vertice", "Vertice\Vertice.csproj", "{9B673212-3435-4863-8D66-CF53FB0E8FB1}"
EndProject
Global
	GlobalSection(SolutionConfigurationPlatforms) = preSolution
		Debug|Any CPU = Debug|Any CPU
		Release|Any CPU = Release|Any CPU
	EndGlobalSection
	GlobalSection(ProjectConfigurationPlatforms) = postSolution
		{38557A73-4D44-4AC6-8222-66E5B2F09F3E}.Debug|Any CPU.ActiveCfg = Debug|Any CPU
		{38557A73-4D44-4AC6-8222-66E5B2F09F3E}.Debug|Any CPU.Build.0 = Debug|Any CPU
		{38557A73-4D44-4AC6-8222-66E5B2F09F3E}.Release|Any CPU.ActiveCfg = Release|Any CPU
		{38557A73-4D44-4AC6-8222-66E5B2F09F3E}.Release|Any CPU.Build.0 = Release|Any CPU
		{9B673212-3435-4863-8D66-CF53FB0E8FB1}.Debug|Any CPU.ActiveCfg = Debug|Any CPU
		{9B673212-3435-4863-8D66-CF53FB0E8FB1}.Debug|Any CPU.Build.0 = Debug|Any CPU
		{9B673212-3435-4863-8D66-CF53FB0E8FB1}.Release|Any CPU.ActiveCfg = Release|Any CPU
		{9B673212-3435-4863-8D66-CF53FB0E8FB1}.Release|Any CPU.Build.0 = Release|Any CPU
	EndGlobalSection
	GlobalSection(SolutionProperties) = preSolution
		HideSolutionNode = FALSE
	EndGlobalSection
	GlobalSection(ExtensibilityGlobals) = postSolution
		SolutionGuid = {D8EDBE67-2C63-4C5C-8D26-96E9EA6EE020}
	EndGlobalSection
EndGlobal
